{
  "name": "kastanje-server-001",
  "version": "0.0.0",
  "lockfileVersion": 1,
  "requires": true,
  "dependencies": {
    "depd": {
      "version": "1.1.1",
      "resolved": "https://registry.npmjs.org/depd/-/depd-1.1.1.tgz",
      "integrity": "sha1-V4O04cRZ8G+lyif5kfPQbnoxA1k="
    },
    "http-errors": {
      "version": "1.6.2",
      "resolved": "https://registry.npmjs.org/http-errors/-/http-errors-1.6.2.tgz",
      "integrity": "sha1-CgAsyFcHGSp+eUbO7cERVfYOxzY=",
      "requires": {
        "depd": "1.1.1",
        "inherits": "2.0.3",
        "setprototypeof": "1.0.3",
        "statuses": "1.3.1"
      }
    },
    "http-server-event-request": {
      "version": "git+https://github.com/http-server-events/request.git#8b392450e26286f87e6f010bd5210ad9621ed290"
    },
    "http-server-request-handler-data": {
      "version": "git+https://github.com/http-server-request-handlers/data.git#c8e9b7e0b20c0068d75aa82171ce80e26561ad34"
    },
    "http-server-request-handler-file": {
      "version": "git+https://github.com/http-server-request-handlers/file.git#b833553532ee1cd932f15f547f3e4d93cc65fcf8",
      "requires": {
        "http-errors": "1.6.2"
      }
    },
    "http-server-request-handler-location": {
      "version": "git+https://github.com/http-server-request-handlers/location.git#5f374da5940530ea2ac5f396b5e7b6da6425c13c"
    },
    "http-server-request-handler-response": {
      "version": "git+https://github.com/http-server-request-handlers/response.git#969527b40f88667f0fcf68ff1cc7f8d3d49901f0"
    },
    "inherits": {
      "version": "2.0.3",
      "resolved": "https://registry.npmjs.org/inherits/-/inherits-2.0.3.tgz",
      "integrity": "sha1-Yzwsg+PaQqUC9SRmAiSA9CCCYd4="
    },
    "kastanje-server": {
      "version": "git+https://github.com/kastanje/server.git#dea59c5b3883a4a326612506bcbc8558e2d4ed7a"
    },
    "net-server-event-close": {
      "version": "git+https://github.com/net-server-events/close.git#da97d8db504fe30460055536940b40e203dc7d19"
    },
    "net-server-event-connection": {
      "version": "git+https://github.com/net-server-events/connection.git#05cd98b5181980f2e5dbf2be890b68bd7f7cbb48"
    },
    "net-server-event-error": {
      "version": "git+https://github.com/net-server-events/error.git#f6afdbc72fdc57f6cfbe9fdcb64f79acf58893b8"
    },
    "net-server-event-listening": {
      "version": "git+https://github.com/net-server-events/listening.git#e29213c6791e02834483f5fb2eeda335d6a4fe6a"
    },
    "net-server-method-use-001": {
      "version": "git+https://github.com/net-server-methods/use-001.git#08220da2d68f10fca98917422e1c876d5b6186e3"
    },
    "setprototypeof": {
      "version": "1.0.3",
      "resolved": "https://registry.npmjs.org/setprototypeof/-/setprototypeof-1.0.3.tgz",
      "integrity": "sha1-ZlZ+NwQ+608E2RvWWMDL77VbjgQ="
    },
    "statuses": {
      "version": "1.3.1",
      "resolved": "https://registry.npmjs.org/statuses/-/statuses-1.3.1.tgz",
      "integrity": "sha1-+vUbnrdKrvOzrPStX2Gr8ky3uT4="
    }
  }
}
